dependencies:
- name: common
  repository: https://charts.bitnami.com/bitnami
  version: 1.3.8
- name: postgresql
  repository: https://charts.bitnami.com/bitnami
  version: 10.2.7
- name: redis
  repository: https://charts.bitnami.com/bitnami
  version: 12.7.4
digest: sha256:55d2fac954e6b2080b9b422e76ba69e1c2441f650879d0655a13e7cb1e684a39
generated: "2021-02-07T16:43:40.41410836+02:00"
