dependencies:
- name: common
  repository: https://charts.bitnami.com/bitnami
  version: 1.4.1
- name: postgresql
  repository: https://charts.bitnami.com/bitnami
  version: 10.3.7
- name: redis
  repository: https://charts.bitnami.com/bitnami
  version: 12.8.0
digest: sha256:8b5ca137ea92f992e3efbc22eefb5c60b8ac7ad7a25d1d094a96eb854d1061cf
generated: "2021-02-28T11:11:07.146953687+02:00"
